
Microsoft Visual Studio Solution File, Format Version 12.00
# Visual Studio Version 16
VisualStudioVersion = 16.0.30717.126
MinimumVisualStudioVersion = 10.0.40219.1
Project("{FAE04EC0-301F-11D3-BF4B-00C04F79EFBC}") = "XMLParseHomeWork", "XMLParseHomeWork\XMLParseHomeWork.csproj", "{542A8700-7B6B-4A88-AC5B-96B3147DE0F6}"
EndProject
Global
	GlobalSection(SolutionConfigurationPlatforms) = preSolution
		Debug|Any CPU = Debug|Any CPU
		Release|Any CPU = Release|Any CPU
	EndGlobalSection
	GlobalSection(ProjectConfigurationPlatforms) = postSolution
		{542A8700-7B6B-4A88-AC5B-96B3147DE0F6}.Debug|Any CPU.ActiveCfg = Debug|Any CPU
		{542A8700-7B6B-4A88-AC5B-96B3147DE0F6}.Debug|Any CPU.Build.0 = Debug|Any CPU
		{542A8700-7B6B-4A88-AC5B-96B3147DE0F6}.Release|Any CPU.ActiveCfg = Release|Any CPU
		{542A8700-7B6B-4A88-AC5B-96B3147DE0F6}.Release|Any CPU.Build.0 = Release|Any CPU
	EndGlobalSection
	GlobalSection(SolutionProperties) = preSolution
		HideSolutionNode = FALSE
	EndGlobalSection
	GlobalSection(ExtensibilityGlobals) = postSolution
		SolutionGuid = {168E3069-A942-4361-A538-ACE3C87966C2}
	EndGlobalSection
EndGlobal
